
Microsoft Visual Studio Solution File, Format Version 12.00
# Visual Studio Version 17
VisualStudioVersion = 17.4.33205.214
MinimumVisualStudioVersion = 10.0.40219.1
Project("{FAE04EC0-301F-11D3-BF4B-00C04F79EFBC}") = "Exercise4_Digg_Webshop", "Exercise4_Digg_Webshop\Exercise4_Digg_Webshop.csproj", "{1090954E-2B5C-4A5C-816A-6668E08016D0}"
EndProject
Global
	GlobalSection(SolutionConfigurationPlatforms) = preSolution
		Debug|Any CPU = Debug|Any CPU
		Release|Any CPU = Release|Any CPU
	EndGlobalSection
	GlobalSection(ProjectConfigurationPlatforms) = postSolution
		{1090954E-2B5C-4A5C-816A-6668E08016D0}.Debug|Any CPU.ActiveCfg = Debug|Any CPU
		{1090954E-2B5C-4A5C-816A-6668E08016D0}.Debug|Any CPU.Build.0 = Debug|Any CPU
		{1090954E-2B5C-4A5C-816A-6668E08016D0}.Release|Any CPU.ActiveCfg = Release|Any CPU
		{1090954E-2B5C-4A5C-816A-6668E08016D0}.Release|Any CPU.Build.0 = Release|Any CPU
	EndGlobalSection
	GlobalSection(SolutionProperties) = preSolution
		HideSolutionNode = FALSE
	EndGlobalSection
	GlobalSection(ExtensibilityGlobals) = postSolution
		SolutionGuid = {83D2F23A-F836-4F6A-AEDB-373689682B9A}
	EndGlobalSection
EndGlobal
